// !$*UTF8*$!
{
	archiveVersion = 1;
	classes = {
	};
	objectVersion = 50;
	objects = {

/* Begin PBXBuildFile section */
		1F67A97124BD25D300D135B4 /* AppDelegate.swift in Sources */ = {isa = PBXBuildFile; fileRef = 1F67A97024BD25D300D135B4 /* AppDelegate.swift */; };
		1F67A97324BD25D300D135B4 /* SceneDelegate.swift in Sources */ = {isa = PBXBuildFile; fileRef = 1F67A97224BD25D300D135B4 /* SceneDelegate.swift */; };
		1F67A97824BD25D300D135B4 /* Main.storyboard in Resources */ = {isa = PBXBuildFile; fileRef = 1F67A97624BD25D300D135B4 /* Main.storyboard */; };
		1F67A97B24BD25D300D135B4 /* G_S_O.xcdatamodeld in Sources */ = {isa = PBXBuildFile; fileRef = 1F67A97924BD25D300D135B4 /* G_S_O.xcdatamodeld */; };
		1F67A97D24BD25D500D135B4 /* Assets.xcassets in Resources */ = {isa = PBXBuildFile; fileRef = 1F67A97C24BD25D500D135B4 /* Assets.xcassets */; };
		1F67A98024BD25D500D135B4 /* LaunchScreen.storyboard in Resources */ = {isa = PBXBuildFile; fileRef = 1F67A97E24BD25D500D135B4 /* LaunchScreen.storyboard */; };
		1F67A98824BD268100D135B4 /* ToDoViewController.swift in Sources */ = {isa = PBXBuildFile; fileRef = 1F67A98724BD268100D135B4 /* ToDoViewController.swift */; };
		1F67A98A24BD26D100D135B4 /* ToDoTableViewController.swift in Sources */ = {isa = PBXBuildFile; fileRef = 1F67A98924BD26D100D135B4 /* ToDoTableViewController.swift */; };
		1F67A98C24BD270400D135B4 /* ToDo.swift in Sources */ = {isa = PBXBuildFile; fileRef = 1F67A98B24BD270400D135B4 /* ToDo.swift */; };
		1F67A98E24BD330A00D135B4 /* AddToDoViewController.swift in Sources */ = {isa = PBXBuildFile; fileRef = 1F67A98D24BD330A00D135B4 /* AddToDoViewController.swift */; };
		1F67A99024BD3D2C00D135B4 /* CompleteToDoViewController.swift in Sources */ = {isa = PBXBuildFile; fileRef = 1F67A98F24BD3D2C00D135B4 /* CompleteToDoViewController.swift */; };
/* End PBXBuildFile section */

/* Begin PBXFileReference section */
		1F67A96D24BD25D300D135B4 /* G.S.O.app */ = {isa = PBXFileReference; explicitFileType = wrapper.application; includeInIndex = 0; path = G.S.O.app; sourceTree = BUILT_PRODUCTS_DIR; };
		1F67A97024BD25D300D135B4 /* AppDelegate.swift */ = {isa = PBXFileReference; lastKnownFileType = sourcecode.swift; path = AppDelegate.swift; sourceTree = "<group>"; };
		1F67A97224BD25D300D135B4 /* SceneDelegate.swift */ = {isa = PBXFileReference; lastKnownFileType = sourcecode.swift; path = SceneDelegate.swift; sourceTree = "<group>"; };
		1F67A97724BD25D300D135B4 /* Base */ = {isa = PBXFileReference; lastKnownFileType = file.storyboard; name = Base; path = Base.lproj/Main.storyboard; sourceTree = "<group>"; };
		1F67A97A24BD25D300D135B4 /* G_S_O.xcdatamodel */ = {isa = PBXFileReference; lastKnownFileType = wrapper.xcdatamodel; path = G_S_O.xcdatamodel; sourceTree = "<group>"; };
		1F67A97C24BD25D500D135B4 /* Assets.xcassets */ = {isa = PBXFileReference; lastKnownFileType = folder.assetcatalog; path = Assets.xcassets; sourceTree = "<group>"; };
		1F67A97F24BD25D500D135B4 /* Base */ = {isa = PBXFileReference; lastKnownFileType = file.storyboard; name = Base; path = Base.lproj/LaunchScreen.storyboard; sourceTree = "<group>"; };
		1F67A98124BD25D500D135B4 /* Info.plist */ = {isa = PBXFileReference; lastKnownFileType = text.plist.xml; path = Info.plist; sourceTree = "<group>"; };
		1F67A98724BD268100D135B4 /* ToDoViewController.swift */ = {isa = PBXFileReference; lastKnownFileType = sourcecode.swift; path = ToDoViewController.swift; sourceTree = "<group>"; };
		1F67A98924BD26D100D135B4 /* ToDoTableViewController.swift */ = {isa = PBXFileReference; lastKnownFileType = sourcecode.swift; path = ToDoTableViewController.swift; sourceTree = "<group>"; };
		1F67A98B24BD270400D135B4 /* ToDo.swift */ = {isa = PBXFileReference; lastKnownFileType = sourcecode.swift; path = ToDo.swift; sourceTree = "<group>"; };
		1F67A98D24BD330A00D135B4 /* AddToDoViewController.swift */ = {isa = PBXFileReference; lastKnownFileType = sourcecode.swift; path = AddToDoViewController.swift; sourceTree = "<group>"; };
		1F67A98F24BD3D2C00D135B4 /* CompleteToDoViewController.swift */ = {isa = PBXFileReference; lastKnownFileType = sourcecode.swift; path = CompleteToDoViewController.swift; sourceTree = "<group>"; };
/* End PBXFileReference section */

/* Begin PBXFrameworksBuildPhase section */
		1F67A96A24BD25D300D135B4 /* Frameworks */ = {
			isa = PBXFrameworksBuildPhase;
			buildActionMask = 2147483647;
			files = (
			);
			runOnlyForDeploymentPostprocessing = 0;
		};
/* End PBXFrameworksBuildPhase section */

/* Begin PBXGroup section */
		1F67A96424BD25D300D135B4 = {
			isa = PBXGroup;
			children = (
				1F67A96F24BD25D300D135B4 /* G.S.O */,
				1F67A96E24BD25D300D135B4 /* Products */,
			);
			sourceTree = "<group>";
		};
		1F67A96E24BD25D300D135B4 /* Products */ = {
			isa = PBXGroup;
			children = (
				1F67A96D24BD25D300D135B4 /* G.S.O.app */,
			);
			name = Products;
			sourceTree = "<group>";
		};
		1F67A96F24BD25D300D135B4 /* G.S.O */ = {
			isa = PBXGroup;
			children = (
				1F67A97024BD25D300D135B4 /* AppDelegate.swift */,
				1F67A97224BD25D300D135B4 /* SceneDelegate.swift */,
				1F67A97624BD25D300D135B4 /* Main.storyboard */,
				1F67A97C24BD25D500D135B4 /* Assets.xcassets */,
				1F67A97E24BD25D500D135B4 /* LaunchScreen.storyboard */,
				1F67A98124BD25D500D135B4 /* Info.plist */,
				1F67A97924BD25D300D135B4 /* G_S_O.xcdatamodeld */,
				1F67A98724BD268100D135B4 /* ToDoViewController.swift */,
				1F67A98924BD26D100D135B4 /* ToDoTableViewController.swift */,
				1F67A98B24BD270400D135B4 /* ToDo.swift */,
				1F67A98D24BD330A00D135B4 /* AddToDoViewController.swift */,
				1F67A98F24BD3D2C00D135B4 /* CompleteToDoViewController.swift */,
			);
			path = G.S.O;
			sourceTree = "<group>";
		};
/* End PBXGroup section */

/* Begin PBXNativeTarget section */
		1F67A96C24BD25D300D135B4 /* G.S.O */ = {
			isa = PBXNativeTarget;
			buildConfigurationList = 1F67A98424BD25D500D135B4 /* Build configuration list for PBXNativeTarget "G.S.O" */;
			buildPhases = (
				1F67A96924BD25D300D135B4 /* Sources */,
				1F67A96A24BD25D300D135B4 /* Frameworks */,
				1F67A96B24BD25D300D135B4 /* Resources */,
			);
			buildRules = (
			);
			dependencies = (
			);
			name = G.S.O;
			productName = G.S.O;
			productReference = 1F67A96D24BD25D300D135B4 /* G.S.O.app */;
			productType = "com.apple.product-type.application";
		};
/* End PBXNativeTarget section */

/* Begin PBXProject section */
		1F67A96524BD25D300D135B4 /* Project object */ = {
			isa = PBXProject;
			attributes = {
				LastSwiftUpdateCheck = 1150;
				LastUpgradeCheck = 1150;
				ORGANIZATIONNAME = "Josselyne Berrios";
				TargetAttributes = {
					1F67A96C24BD25D300D135B4 = {
						CreatedOnToolsVersion = 11.5;
					};
				};
			};
			buildConfigurationList = 1F67A96824BD25D300D135B4 /* Build configuration list for PBXProject "G.S.O" */;
			compatibilityVersion = "Xcode 9.3";
			developmentRegion = en;
			hasScannedForEncodings = 0;
			knownRegions = (
				en,
				Base,
			);
			mainGroup = 1F67A96424BD25D300D135B4;
			productRefGroup = 1F67A96E24BD25D300D135B4 /* Products */;
			projectDirPath = "";
			projectRoot = "";
			targets = (
				1F67A96C24BD25D300D135B4 /* G.S.O */,
			);
		};
/* End PBXProject section */

/* Begin PBXResourcesBuildPhase section */
		1F67A96B24BD25D300D135B4 /* Resources */ = {
			isa = PBXResourcesBuildPhase;
			buildActionMask = 2147483647;
			files = (
				1F67A98024BD25D500D135B4 /* LaunchScreen.storyboard in Resources */,
				1F67A97D24BD25D500D135B4 /* Assets.xcassets in Resources */,
				1F67A97824BD25D300D135B4 /* Main.storyboard in Resources */,
			);
			runOnlyForDeploymentPostprocessing = 0;
		};
/* End PBXResourcesBuildPhase section */

/* Begin PBXSourcesBuildPhase section */
		1F67A96924BD25D300D135B4 /* Sources */ = {
			isa = PBXSourcesBuildPhase;
			buildActionMask = 2147483647;
			files = (
				1F67A98824BD268100D135B4 /* ToDoViewController.swift in Sources */,
				1F67A97B24BD25D300D135B4 /* G_S_O.xcdatamodeld in Sources */,
				1F67A99024BD3D2C00D135B4 /* CompleteToDoViewController.swift in Sources */,
				1F67A97124BD25D300D135B4 /* AppDelegate.swift in Sources */,
				1F67A98C24BD270400D135B4 /* ToDo.swift in Sources */,
				1F67A98E24BD330A00D135B4 /* AddToDoViewController.swift in Sources */,
				1F67A97324BD25D300D135B4 /* SceneDelegate.swift in Sources */,
				1F67A98A24BD26D100D135B4 /* ToDoTableViewController.swift in Sources */,
			);
			runOnlyForDeploymentPostprocessing = 0;
		};
/* End PBXSourcesBuildPhase section */

/* Begin PBXVariantGroup section */
		1F67A97624BD25D300D135B4 /* Main.storyboard */ = {
			isa = PBXVariantGroup;
			children = (
				1F67A97724BD25D300D135B4 /* Base */,
			);
			name = Main.storyboard;
			sourceTree = "<group>";
		};
		1F67A97E24BD25D500D135B4 /* LaunchScreen.storyboard */ = {
			isa = PBXVariantGroup;
			children = (
				1F67A97F24BD25D500D135B4 /* Base */,
			);
			name = LaunchScreen.storyboard;
			sourceTree = "<group>";
		};
/* End PBXVariantGroup section */

/* Begin XCBuildConfiguration section */
		1F67A98224BD25D500D135B4 /* Debug */ = {
			isa = XCBuildConfiguration;
			buildSettings = {
				ALWAYS_SEARCH_USER_PATHS = NO;
				CLANG_ANALYZER_NONNULL = YES;
				CLANG_ANALYZER_NUMBER_OBJECT_CONVERSION = YES_AGGRESSIVE;
				CLANG_CXX_LANGUAGE_STANDARD = "gnu++14";
				CLANG_CXX_LIBRARY = "libc++";
				CLANG_ENABLE_MODULES = YES;
				CLANG_ENABLE_OBJC_ARC = YES;
				CLANG_ENABLE_OBJC_WEAK = YES;
				CLANG_WARN_BLOCK_CAPTURE_AUTORELEASING = YES;
				CLANG_WARN_BOOL_CONVERSION = YES;
				CLANG_WARN_COMMA = YES;
				CLANG_WARN_CONSTANT_CONVERSION = YES;
				CLANG_WARN_DEPRECATED_OBJC_IMPLEMENTATIONS = YES;
				CLANG_WARN_DIRECT_OBJC_ISA_USAGE = YES_ERROR;
				CLANG_WARN_DOCUMENTATION_COMMENTS = YES;
				CLANG_WARN_EMPTY_BODY = YES;
				CLANG_WARN_ENUM_CONVERSION = YES;
				CLANG_WARN_INFINITE_RECURSION = YES;
				CLANG_WARN_INT_CONVERSION = YES;
				CLANG_WARN_NON_LITERAL_NULL_CONVERSION = YES;
				CLANG_WARN_OBJC_IMPLICIT_RETAIN_SELF = YES;
				CLANG_WARN_OBJC_LITERAL_CONVERSION = YES;
				CLANG_WARN_OBJC_ROOT_CLASS = YES_ERROR;
				CLANG_WARN_RANGE_LOOP_ANALYSIS = YES;
				CLANG_WARN_STRICT_PROTOTYPES = YES;
				CLANG_WARN_SUSPICIOUS_MOVE = YES;
				CLANG_WARN_UNGUARDED_AVAILABILITY = YES_AGGRESSIVE;
				CLANG_WARN_UNREACHABLE_CODE = YES;
				CLANG_WARN__DUPLICATE_METHOD_MATCH = YES;
				COPY_PHASE_STRIP = NO;
				DEBUG_INFORMATION_FORMAT = dwarf;
				ENABLE_STRICT_OBJC_MSGSEND = YES;
				ENABLE_TESTABILITY = YES;
				GCC_C_LANGUAGE_STANDARD = gnu11;
				GCC_DYNAMIC_NO_PIC = NO;
				GCC_NO_COMMON_BLOCKS = YES;
				GCC_OPTIMIZATION_LEVEL = 0;
				GCC_PREPROCESSOR_DEFINITIONS = (
					"DEBUG=1",
					"$(inherited)",
				);
				GCC_WARN_64_TO_32_BIT_CONVERSION = YES;
				GCC_WARN_ABOUT_RETURN_TYPE = YES_ERROR;
				GCC_WARN_UNDECLARED_SELECTOR = YES;
				GCC_WARN_UNINITIALIZED_AUTOS = YES_AGGRESSIVE;
				GCC_WARN_UNUSED_FUNCTION = YES;
				GCC_WARN_UNUSED_VARIABLE = YES;
				IPHONEOS_DEPLOYMENT_TARGET = 13.5;
				MTL_ENABLE_DEBUG_INFO = INCLUDE_SOURCE;
				MTL_FAST_MATH = YES;
				ONLY_ACTIVE_ARCH = YES;
				SDKROOT = iphoneos;
				SWIFT_ACTIVE_COMPILATION_CONDITIONS = DEBUG;
				SWIFT_OPTIMIZATION_LEVEL = "-Onone";
			};
			name = Debug;
		};
		1F67A98324BD25D500D135B4 /* Release */ = {
			isa = XCBuildConfiguration;
			buildSettings = {
				ALWAYS_SEARCH_USER_PATHS = NO;
				CLANG_ANALYZER_NONNULL = YES;
				CLANG_ANALYZER_NUMBER_OBJECT_CONVERSION = YES_AGGRESSIVE;
				CLANG_CXX_LANGUAGE_STANDARD = "gnu++14";
				CLANG_CXX_LIBRARY = "libc++";
				CLANG_ENABLE_MODULES = YES;
				CLANG_ENABLE_OBJC_ARC = YES;
				CLANG_ENABLE_OBJC_WEAK = YES;
				CLANG_WARN_BLOCK_CAPTURE_AUTORELEASING = YES;
				CLANG_WARN_BOOL_CONVERSION = YES;
				CLANG_WARN_COMMA = YES;
				CLANG_WARN_CONSTANT_CONVERSION = YES;
				CLANG_WARN_DEPRECATED_OBJC_IMPLEMENTATIONS = YES;
				CLANG_WARN_DIRECT_OBJC_ISA_USAGE = YES_ERROR;
				CLANG_WARN_DOCUMENTATION_COMMENTS = YES;
				CLANG_WARN_EMPTY_BODY = YES;
				CLANG_WARN_ENUM_CONVERSION = YES;
				CLANG_WARN_INFINITE_RECURSION = YES;
				CLANG_WARN_INT_CONVERSION = YES;
				CLANG_WARN_NON_LITERAL_NULL_CONVERSION = YES;
				CLANG_WARN_OBJC_IMPLICIT_RETAIN_SELF = YES;
				CLANG_WARN_OBJC_LITERAL_CONVERSION = YES;
				CLANG_WARN_OBJC_ROOT_CLASS = YES_ERROR;
				CLANG_WARN_RANGE_LOOP_ANALYSIS = YES;
				CLANG_WARN_STRICT_PROTOTYPES = YES;
				CLANG_WARN_SUSPICIOUS_MOVE = YES;
				CLANG_WARN_UNGUARDED_AVAILABILITY = YES_AGGRESSIVE;
				CLANG_WARN_UNREACHABLE_CODE = YES;
				CLANG_WARN__DUPLICATE_METHOD_MATCH = YES;
				COPY_PHASE_STRIP = NO;
				DEBUG_INFORMATION_FORMAT = "dwarf-with-dsym";
				ENABLE_NS_ASSERTIONS = NO;
				ENABLE_STRICT_OBJC_MSGSEND = YES;
				GCC_C_LANGUAGE_STANDARD = gnu11;
				GCC_NO_COMMON_BLOCKS = YES;
				GCC_WARN_64_TO_32_BIT_CONVERSION = YES;
				GCC_WARN_ABOUT_RETURN_TYPE = YES_ERROR;
				GCC_WARN_UNDECLARED_SELECTOR = YES;
				GCC_WARN_UNINITIALIZED_AUTOS = YES_AGGRESSIVE;
				GCC_WARN_UNUSED_FUNCTION = YES;
				GCC_WARN_UNUSED_VARIABLE = YES;
				IPHONEOS_DEPLOYMENT_TARGET = 13.5;
				MTL_ENABLE_DEBUG_INFO = NO;
				MTL_FAST_MATH = YES;
				SDKROOT = iphoneos;
				SWIFT_COMPILATION_MODE = wholemodule;
				SWIFT_OPTIMIZATION_LEVEL = "-O";
				VALIDATE_PRODUCT = YES;
			};
			name = Release;
		};
		1F67A98524BD25D500D135B4 /* Debug */ = {
			isa = XCBuildConfiguration;
			buildSettings = {
				ASSETCATALOG_COMPILER_APPICON_NAME = AppIcon;
				CODE_SIGN_STYLE = Automatic;
				INFOPLIST_FILE = G.S.O/Info.plist;
				LD_RUNPATH_SEARCH_PATHS = (
					"$(inherited)",
					"@executable_path/Frameworks",
				);
				PRODUCT_BUNDLE_IDENTIFIER = "josselyneberrios.G-S-O";
				PRODUCT_NAME = "$(TARGET_NAME)";
				SWIFT_VERSION = 5.0;
				TARGETED_DEVICE_FAMILY = "1,2";
			};
			name = Debug;
		};
		1F67A98624BD25D500D135B4 /* Release */ = {
			isa = XCBuildConfiguration;
			buildSettings = {
				ASSETCATALOG_COMPILER_APPICON_NAME = AppIcon;
				CODE_SIGN_STYLE = Automatic;
				INFOPLIST_FILE = G.S.O/Info.plist;
				LD_RUNPATH_SEARCH_PATHS = (
					"$(inherited)",
					"@executable_path/Frameworks",
				);
				PRODUCT_BUNDLE_IDENTIFIER = "josselyneberrios.G-S-O";
				PRODUCT_NAME = "$(TARGET_NAME)";
				SWIFT_VERSION = 5.0;
				TARGETED_DEVICE_FAMILY = "1,2";
			};
			name = Release;
		};
/* End XCBuildConfiguration section */

/* Begin XCConfigurationList section */
		1F67A96824BD25D300D135B4 /* Build configuration list for PBXProject "G.S.O" */ = {
			isa = XCConfigurationList;
			buildConfigurations = (
				1F67A98224BD25D500D135B4 /* Debug */,
				1F67A98324BD25D500D135B4 /* Release */,
			);
			defaultConfigurationIsVisible = 0;
			defaultConfigurationName = Release;
		};
		1F67A98424BD25D500D135B4 /* Build configuration list for PBXNativeTarget "G.S.O" */ = {
			isa = XCConfigurationList;
			buildConfigurations = (
				1F67A98524BD25D500D135B4 /* Debug */,
				1F67A98624BD25D500D135B4 /* Release */,
			);
			defaultConfigurationIsVisible = 0;
			defaultConfigurationName = Release;
		};
/* End XCConfigurationList section */

/* Begin XCVersionGroup section */
		1F67A97924BD25D300D135B4 /* G_S_O.xcdatamodeld */ = {
			isa = XCVersionGroup;
			children = (
				1F67A97A24BD25D300D135B4 /* G_S_O.xcdatamodel */,
			);
			currentVersion = 1F67A97A24BD25D300D135B4 /* G_S_O.xcdatamodel */;
			path = G_S_O.xcdatamodeld;
			sourceTree = "<group>";
			versionGroupType = wrapper.xcdatamodel;
		};
/* End XCVersionGroup section */
	};
	rootObject = 1F67A96524BD25D300D135B4 /* Project object */;
}
